
Microsoft Visual Studio Solution File, Format Version 12.00
# Visual Studio 15
VisualStudioVersion = 15.0.28307.779
MinimumVisualStudioVersion = 10.0.40219.1
Project("{FAE04EC0-301F-11D3-BF4B-00C04F79EFBC}") = "ForgeShopView", "ForgeShopView\ForgeShopView.csproj", "{4BF9F470-4188-40B5-A5C7-5B53C325E27C}"
EndProject
Project("{FAE04EC0-301F-11D3-BF4B-00C04F79EFBC}") = "ForgeShopBusinessLogic", "ForgeShopBusinessLogic\ForgeShopBusinessLogic.csproj", "{A129DD55-7138-4012-B8A1-CE0660DD4F81}"
EndProject
Global
	GlobalSection(SolutionConfigurationPlatforms) = preSolution
		Debug|Any CPU = Debug|Any CPU
		Release|Any CPU = Release|Any CPU
	EndGlobalSection
	GlobalSection(ProjectConfigurationPlatforms) = postSolution
		{4BF9F470-4188-40B5-A5C7-5B53C325E27C}.Debug|Any CPU.ActiveCfg = Debug|Any CPU
		{4BF9F470-4188-40B5-A5C7-5B53C325E27C}.Debug|Any CPU.Build.0 = Debug|Any CPU
		{4BF9F470-4188-40B5-A5C7-5B53C325E27C}.Release|Any CPU.ActiveCfg = Release|Any CPU
		{4BF9F470-4188-40B5-A5C7-5B53C325E27C}.Release|Any CPU.Build.0 = Release|Any CPU
		{A129DD55-7138-4012-B8A1-CE0660DD4F81}.Debug|Any CPU.ActiveCfg = Debug|Any CPU
		{A129DD55-7138-4012-B8A1-CE0660DD4F81}.Debug|Any CPU.Build.0 = Debug|Any CPU
		{A129DD55-7138-4012-B8A1-CE0660DD4F81}.Release|Any CPU.ActiveCfg = Release|Any CPU
		{A129DD55-7138-4012-B8A1-CE0660DD4F81}.Release|Any CPU.Build.0 = Release|Any CPU
	EndGlobalSection
	GlobalSection(SolutionProperties) = preSolution
		HideSolutionNode = FALSE
	EndGlobalSection
	GlobalSection(ExtensibilityGlobals) = postSolution
		SolutionGuid = {4A0F36E1-CDCD-4479-A767-D4403B2223D2}
	EndGlobalSection
EndGlobal
